// !$*UTF8*$!
{
	archiveVersion = 1;
	classes = {
	};
	objectVersion = 46;
	objects = {

/* Begin PBXBuildFile section */
		904C790D1E1141FA00231206 /* main.m in Sources */ = {isa = PBXBuildFile; fileRef = 904C790C1E1141FA00231206 /* main.m */; };
		904C79101E1141FA00231206 /* AppDelegate.m in Sources */ = {isa = PBXBuildFile; fileRef = 904C790F1E1141FA00231206 /* AppDelegate.m */; };
		904C79131E1141FA00231206 /* IOSViewController.m in Sources */ = {isa = PBXBuildFile; fileRef = 904C79121E1141FA00231206 /* IOSViewController.m */; };
		904C79181E1141FA00231206 /* iOSAssets.xcassets in Resources */ = {isa = PBXBuildFile; fileRef = 904C79171E1141FA00231206 /* iOSAssets.xcassets */; };
		904C79281E11422400231206 /* main.m in Sources */ = {isa = PBXBuildFile; fileRef = 904C79271E11422400231206 /* main.m */; };
		904C792B1E11422400231206 /* AppDelegate.m in Sources */ = {isa = PBXBuildFile; fileRef = 904C792A1E11422400231206 /* AppDelegate.m */; };
		904C792E1E11422400231206 /* TVOSViewController.m in Sources */ = {isa = PBXBuildFile; fileRef = 904C792D1E11422400231206 /* TVOSViewController.m */; };
		904C79331E11422400231206 /* tvOSAssets.xcassets in Resources */ = {isa = PBXBuildFile; fileRef = 904C79321E11422400231206 /* tvOSAssets.xcassets */; };
		904C79A81E114FCB00231206 /* Storyboard.storyboard in Resources */ = {isa = PBXBuildFile; fileRef = 904C79A71E114FCB00231206 /* Storyboard.storyboard */; };
		904C79AA1E114FFB00231206 /* Storyboard.storyboard in Resources */ = {isa = PBXBuildFile; fileRef = 904C79A91E114FFB00231206 /* Storyboard.storyboard */; };
		9054190B1E13C33800DC44E8 /* CloudKit.framework in Frameworks */ = {isa = PBXBuildFile; fileRef = 9054190A1E13C33800DC44E8 /* CloudKit.framework */; };
		906105E51E13F38200583A8A /* CloudKit.framework in Frameworks */ = {isa = PBXBuildFile; fileRef = 906105E41E13F38200583A8A /* CloudKit.framework */; };
/* End PBXBuildFile section */

/* Begin PBXFileReference section */
		904C79081E1141FA00231206 /* ios.app */ = {isa = PBXFileReference; explicitFileType = wrapper.application; includeInIndex = 0; path = ios.app; sourceTree = BUILT_PRODUCTS_DIR; };
		904C790C1E1141FA00231206 /* main.m */ = {isa = PBXFileReference; lastKnownFileType = sourcecode.c.objc; path = main.m; sourceTree = "<group>"; };
		904C790E1E1141FA00231206 /* AppDelegate.h */ = {isa = PBXFileReference; lastKnownFileType = sourcecode.c.h; path = AppDelegate.h; sourceTree = "<group>"; };
		904C790F1E1141FA00231206 /* AppDelegate.m */ = {isa = PBXFileReference; lastKnownFileType = sourcecode.c.objc; path = AppDelegate.m; sourceTree = "<group>"; };
		904C79111E1141FA00231206 /* IOSViewController.h */ = {isa = PBXFileReference; lastKnownFileType = sourcecode.c.h; path = IOSViewController.h; sourceTree = "<group>"; };
		904C79121E1141FA00231206 /* IOSViewController.m */ = {isa = PBXFileReference; lastKnownFileType = sourcecode.c.objc; path = IOSViewController.m; sourceTree = "<group>"; };
		904C79171E1141FA00231206 /* iOSAssets.xcassets */ = {isa = PBXFileReference; lastKnownFileType = folder.assetcatalog; path = iOSAssets.xcassets; sourceTree = "<group>"; };
		904C791C1E1141FA00231206 /* Info.plist */ = {isa = PBXFileReference; lastKnownFileType = text.plist.xml; path = Info.plist; sourceTree = "<group>"; };
		904C79241E11422300231206 /* tvOS.app */ = {isa = PBXFileReference; explicitFileType = wrapper.application; includeInIndex = 0; path = tvOS.app; sourceTree = BUILT_PRODUCTS_DIR; };
		904C79271E11422400231206 /* main.m */ = {isa = PBXFileReference; lastKnownFileType = sourcecode.c.objc; path = main.m; sourceTree = "<group>"; };
		904C79291E11422400231206 /* AppDelegate.h */ = {isa = PBXFileReference; lastKnownFileType = sourcecode.c.h; path = AppDelegate.h; sourceTree = "<group>"; };
		904C792A1E11422400231206 /* AppDelegate.m */ = {isa = PBXFileReference; lastKnownFileType = sourcecode.c.objc; path = AppDelegate.m; sourceTree = "<group>"; };
		904C792C1E11422400231206 /* TVOSViewController.h */ = {isa = PBXFileReference; lastKnownFileType = sourcecode.c.h; path = TVOSViewController.h; sourceTree = "<group>"; };
		904C792D1E11422400231206 /* TVOSViewController.m */ = {isa = PBXFileReference; lastKnownFileType = sourcecode.c.objc; path = TVOSViewController.m; sourceTree = "<group>"; };
		904C79321E11422400231206 /* tvOSAssets.xcassets */ = {isa = PBXFileReference; lastKnownFileType = folder.assetcatalog; path = tvOSAssets.xcassets; sourceTree = "<group>"; };
		904C79341E11422400231206 /* Info.plist */ = {isa = PBXFileReference; lastKnownFileType = text.plist.xml; path = Info.plist; sourceTree = "<group>"; };
		904C79A71E114FCB00231206 /* Storyboard.storyboard */ = {isa = PBXFileReference; fileEncoding = 4; lastKnownFileType = file.storyboard; path = Storyboard.storyboard; sourceTree = "<group>"; };
		904C79A91E114FFB00231206 /* Storyboard.storyboard */ = {isa = PBXFileReference; fileEncoding = 4; lastKnownFileType = file.storyboard; path = Storyboard.storyboard; sourceTree = "<group>"; };
		904C79AF1E1156F100231206 /* Defines.h */ = {isa = PBXFileReference; fileEncoding = 4; lastKnownFileType = sourcecode.c.h; path = Defines.h; sourceTree = "<group>"; };
		9054190A1E13C33800DC44E8 /* CloudKit.framework */ = {isa = PBXFileReference; lastKnownFileType = wrapper.framework; name = CloudKit.framework; path = Platforms/iPhoneOS.platform/Developer/SDKs/iPhoneOS10.2.sdk/System/Library/Frameworks/CloudKit.framework; sourceTree = DEVELOPER_DIR; };
		906105E21E13DAB700583A8A /* tvOS.entitlements */ = {isa = PBXFileReference; lastKnownFileType = text.plist.entitlements; path = tvOS.entitlements; sourceTree = "<group>"; };
		906105E31E13DACB00583A8A /* ios.entitlements */ = {isa = PBXFileReference; lastKnownFileType = text.plist.entitlements; path = ios.entitlements; sourceTree = "<group>"; };
		906105E41E13F38200583A8A /* CloudKit.framework */ = {isa = PBXFileReference; lastKnownFileType = wrapper.framework; name = CloudKit.framework; path = Platforms/AppleTVOS.platform/Developer/SDKs/AppleTVOS10.1.sdk/System/Library/Frameworks/CloudKit.framework; sourceTree = DEVELOPER_DIR; };
/* End PBXFileReference section */

/* Begin PBXFrameworksBuildPhase section */
		904C79051E1141FA00231206 /* Frameworks */ = {
			isa = PBXFrameworksBuildPhase;
			buildActionMask = 2147483647;
			files = (
				9054190B1E13C33800DC44E8 /* CloudKit.framework in Frameworks */,
			);
			runOnlyForDeploymentPostprocessing = 0;
		};
		904C79211E11422300231206 /* Frameworks */ = {
			isa = PBXFrameworksBuildPhase;
			buildActionMask = 2147483647;
			files = (
				906105E51E13F38200583A8A /* CloudKit.framework in Frameworks */,
			);
			runOnlyForDeploymentPostprocessing = 0;
		};
/* End PBXFrameworksBuildPhase section */

/* Begin PBXGroup section */
		904C78FB1E11419100231206 = {
			isa = PBXGroup;
			children = (
				904C79AF1E1156F100231206 /* Defines.h */,
				904C790A1E1141FA00231206 /* iOS */,
				904C79251E11422400231206 /* tvOS */,
				904C79091E1141FA00231206 /* Products */,
				905419091E13C33800DC44E8 /* Frameworks */,
			);
			sourceTree = "<group>";
		};
		904C79091E1141FA00231206 /* Products */ = {
			isa = PBXGroup;
			children = (
				904C79081E1141FA00231206 /* ios.app */,
				904C79241E11422300231206 /* tvOS.app */,
			);
			name = Products;
			sourceTree = "<group>";
		};
		904C790A1E1141FA00231206 /* iOS */ = {
			isa = PBXGroup;
			children = (
				906105E31E13DACB00583A8A /* ios.entitlements */,
				904C790E1E1141FA00231206 /* AppDelegate.h */,
				904C790F1E1141FA00231206 /* AppDelegate.m */,
				904C79111E1141FA00231206 /* IOSViewController.h */,
				904C79121E1141FA00231206 /* IOSViewController.m */,
				904C79A71E114FCB00231206 /* Storyboard.storyboard */,
				904C79171E1141FA00231206 /* iOSAssets.xcassets */,
				904C791C1E1141FA00231206 /* Info.plist */,
				904C790B1E1141FA00231206 /* Supporting Files */,
			);
			name = iOS;
			path = ios;
			sourceTree = "<group>";
		};
		904C790B1E1141FA00231206 /* Supporting Files */ = {
			isa = PBXGroup;
			children = (
				904C790C1E1141FA00231206 /* main.m */,
			);
			name = "Supporting Files";
			sourceTree = "<group>";
		};
		904C79251E11422400231206 /* tvOS */ = {
			isa = PBXGroup;
			children = (
				906105E21E13DAB700583A8A /* tvOS.entitlements */,
				904C79291E11422400231206 /* AppDelegate.h */,
				904C792A1E11422400231206 /* AppDelegate.m */,
				904C792C1E11422400231206 /* TVOSViewController.h */,
				904C792D1E11422400231206 /* TVOSViewController.m */,
				904C79A91E114FFB00231206 /* Storyboard.storyboard */,
				904C79321E11422400231206 /* tvOSAssets.xcassets */,
				904C79341E11422400231206 /* Info.plist */,
				904C79261E11422400231206 /* Supporting Files */,
			);
			path = tvOS;
			sourceTree = "<group>";
		};
		904C79261E11422400231206 /* Supporting Files */ = {
			isa = PBXGroup;
			children = (
				904C79271E11422400231206 /* main.m */,
			);
			name = "Supporting Files";
			sourceTree = "<group>";
		};
		905419091E13C33800DC44E8 /* Frameworks */ = {
			isa = PBXGroup;
			children = (
				906105E41E13F38200583A8A /* CloudKit.framework */,
				9054190A1E13C33800DC44E8 /* CloudKit.framework */,
			);
			name = Frameworks;
			sourceTree = "<group>";
		};
/* End PBXGroup section */

/* Begin PBXNativeTarget section */
		904C79071E1141FA00231206 /* ios */ = {
			isa = PBXNativeTarget;
			buildConfigurationList = 904C791D1E1141FA00231206 /* Build configuration list for PBXNativeTarget "ios" */;
			buildPhases = (
				904C79041E1141FA00231206 /* Sources */,
				904C79051E1141FA00231206 /* Frameworks */,
				904C79061E1141FA00231206 /* Resources */,
			);
			buildRules = (
			);
			dependencies = (
			);
			name = ios;
			productName = ios;
			productReference = 904C79081E1141FA00231206 /* ios.app */;
			productType = "com.apple.product-type.application";
		};
		904C79231E11422300231206 /* tvOS */ = {
			isa = PBXNativeTarget;
			buildConfigurationList = 904C79351E11422400231206 /* Build configuration list for PBXNativeTarget "tvOS" */;
			buildPhases = (
				904C79201E11422300231206 /* Sources */,
				904C79211E11422300231206 /* Frameworks */,
				904C79221E11422300231206 /* Resources */,
			);
			buildRules = (
			);
			dependencies = (
			);
			name = tvOS;
			productName = tvOS;
			productReference = 904C79241E11422300231206 /* tvOS.app */;
			productType = "com.apple.product-type.application";
		};
/* End PBXNativeTarget section */

/* Begin PBXProject section */
		904C78FC1E11419100231206 /* Project object */ = {
			isa = PBXProject;
			attributes = {
				LastUpgradeCheck = 0820;
				TargetAttributes = {
					904C79071E1141FA00231206 = {
						CreatedOnToolsVersion = 8.2.1;
						DevelopmentTeam = 69BNY6KMTF;
						ProvisioningStyle = Automatic;
						SystemCapabilities = {
							com.apple.BackgroundModes = {
								enabled = 1;
							};
							com.apple.Push = {
								enabled = 1;
							};
							com.apple.iCloud = {
								enabled = 1;
							};
						};
					};
					904C79231E11422300231206 = {
						CreatedOnToolsVersion = 8.2.1;
						DevelopmentTeam = 69BNY6KMTF;
						ProvisioningStyle = Automatic;
						SystemCapabilities = {
							com.apple.BackgroundModes.appletvos = {
								enabled = 1;
							};
							com.apple.Push = {
								enabled = 1;
							};
							com.apple.iCloud = {
								enabled = 1;
							};
						};
					};
				};
			};
			buildConfigurationList = 904C78FF1E11419100231206 /* Build configuration list for PBXProject "VOSyncServer" */;
			compatibilityVersion = "Xcode 3.2";
			developmentRegion = English;
			hasScannedForEncodings = 0;
			knownRegions = (
				en,
			);
			mainGroup = 904C78FB1E11419100231206;
			productRefGroup = 904C79091E1141FA00231206 /* Products */;
			projectDirPath = "";
			projectRoot = "";
			targets = (
				904C79071E1141FA00231206 /* ios */,
				904C79231E11422300231206 /* tvOS */,
			);
		};
/* End PBXProject section */

/* Begin PBXResourcesBuildPhase section */
		904C79061E1141FA00231206 /* Resources */ = {
			isa = PBXResourcesBuildPhase;
			buildActionMask = 2147483647;
			files = (
				904C79181E1141FA00231206 /* iOSAssets.xcassets in Resources */,
				904C79A81E114FCB00231206 /* Storyboard.storyboard in Resources */,
			);
			runOnlyForDeploymentPostprocessing = 0;
		};
		904C79221E11422300231206 /* Resources */ = {
			isa = PBXResourcesBuildPhase;
			buildActionMask = 2147483647;
			files = (
				904C79331E11422400231206 /* tvOSAssets.xcassets in Resources */,
				904C79AA1E114FFB00231206 /* Storyboard.storyboard in Resources */,
			);
			runOnlyForDeploymentPostprocessing = 0;
		};
/* End PBXResourcesBuildPhase section */

/* Begin PBXSourcesBuildPhase section */
		904C79041E1141FA00231206 /* Sources */ = {
			isa = PBXSourcesBuildPhase;
			buildActionMask = 2147483647;
			files = (
				904C79131E1141FA00231206 /* IOSViewController.m in Sources */,
				904C79101E1141FA00231206 /* AppDelegate.m in Sources */,
				904C790D1E1141FA00231206 /* main.m in Sources */,
			);
			runOnlyForDeploymentPostprocessing = 0;
		};
		904C79201E11422300231206 /* Sources */ = {
			isa = PBXSourcesBuildPhase;
			buildActionMask = 2147483647;
			files = (
				904C792E1E11422400231206 /* TVOSViewController.m in Sources */,
				904C792B1E11422400231206 /* AppDelegate.m in Sources */,
				904C79281E11422400231206 /* main.m in Sources */,
			);
			runOnlyForDeploymentPostprocessing = 0;
		};
/* End PBXSourcesBuildPhase section */

/* Begin XCBuildConfiguration section */
		904C79001E11419100231206 /* Debug */ = {
			isa = XCBuildConfiguration;
			buildSettings = {
				ARCHS = "$(ARCHS_STANDARD_32_64_BIT)";
			};
			name = Debug;
		};
		904C79011E11419100231206 /* Release */ = {
			isa = XCBuildConfiguration;
			buildSettings = {
				ARCHS = "$(ARCHS_STANDARD_32_64_BIT)";
			};
			name = Release;
		};
		904C791E1E1141FA00231206 /* Debug */ = {
			isa = XCBuildConfiguration;
			buildSettings = {
				ALWAYS_SEARCH_USER_PATHS = NO;
				ARCHS = "$(ARCHS_STANDARD)";
				ASSETCATALOG_COMPILER_APPICON_NAME = AppIcon;
				ASSETCATALOG_COMPILER_LAUNCHIMAGE_NAME = LaunchImage;
				CLANG_ANALYZER_NONNULL = YES;
				CLANG_CXX_LANGUAGE_STANDARD = "gnu++0x";
				CLANG_CXX_LIBRARY = "libc++";
				CLANG_ENABLE_MODULES = YES;
				CLANG_ENABLE_OBJC_ARC = YES;
				CLANG_WARN_BOOL_CONVERSION = YES;
				CLANG_WARN_CONSTANT_CONVERSION = YES;
				CLANG_WARN_DIRECT_OBJC_ISA_USAGE = YES_ERROR;
				CLANG_WARN_DOCUMENTATION_COMMENTS = YES;
				CLANG_WARN_EMPTY_BODY = YES;
				CLANG_WARN_ENUM_CONVERSION = YES;
				CLANG_WARN_INFINITE_RECURSION = YES;
				CLANG_WARN_INT_CONVERSION = YES;
				CLANG_WARN_OBJC_ROOT_CLASS = YES_ERROR;
				CLANG_WARN_SUSPICIOUS_MOVE = YES;
				CLANG_WARN_UNREACHABLE_CODE = YES;
				CLANG_WARN__DUPLICATE_METHOD_MATCH = YES;
				CODE_SIGN_ENTITLEMENTS = ios/ios.entitlements;
				"CODE_SIGN_IDENTITY[sdk=iphoneos*]" = "iPhone Developer";
				COPY_PHASE_STRIP = NO;
				DEBUG_INFORMATION_FORMAT = dwarf;
				DEVELOPMENT_TEAM = 69BNY6KMTF;
				ENABLE_STRICT_OBJC_MSGSEND = YES;
				ENABLE_TESTABILITY = YES;
				GCC_C_LANGUAGE_STANDARD = gnu99;
				GCC_DYNAMIC_NO_PIC = NO;
				GCC_INCREASE_PRECOMPILED_HEADER_SHARING = NO;
				GCC_NO_COMMON_BLOCKS = YES;
				GCC_OPTIMIZATION_LEVEL = 0;
				GCC_PREPROCESSOR_DEFINITIONS = (
					"DEBUG=1",
					"$(inherited)",
				);
				GCC_WARN_64_TO_32_BIT_CONVERSION = YES;
				GCC_WARN_ABOUT_RETURN_TYPE = YES_ERROR;
				GCC_WARN_UNDECLARED_SELECTOR = YES;
				GCC_WARN_UNINITIALIZED_AUTOS = YES_AGGRESSIVE;
				GCC_WARN_UNUSED_FUNCTION = YES;
				GCC_WARN_UNUSED_VARIABLE = YES;
				INFOPLIST_FILE = ios/Info.plist;
				IPHONEOS_DEPLOYMENT_TARGET = 9.1;
				LD_RUNPATH_SEARCH_PATHS = "$(inherited) @executable_path/Frameworks";
				MTL_ENABLE_DEBUG_INFO = YES;
				ONLY_ACTIVE_ARCH = YES;
				PRODUCT_BUNDLE_IDENTIFIER = com.miraving.ios;
				PRODUCT_NAME = "$(TARGET_NAME)";
				SDKROOT = iphoneos;
				TARGETED_DEVICE_FAMILY = "1,2";
			};
			name = Debug;
		};
		904C791F1E1141FA00231206 /* Release */ = {
			isa = XCBuildConfiguration;
			buildSettings = {
				ALWAYS_SEARCH_USER_PATHS = NO;
				ARCHS = "$(ARCHS_STANDARD)";
				ASSETCATALOG_COMPILER_APPICON_NAME = AppIcon;
				ASSETCATALOG_COMPILER_LAUNCHIMAGE_NAME = LaunchImage;
				CLANG_ANALYZER_NONNULL = YES;
				CLANG_CXX_LANGUAGE_STANDARD = "gnu++0x";
				CLANG_CXX_LIBRARY = "libc++";
				CLANG_ENABLE_MODULES = YES;
				CLANG_ENABLE_OBJC_ARC = YES;
				CLANG_WARN_BOOL_CONVERSION = YES;
				CLANG_WARN_CONSTANT_CONVERSION = YES;
				CLANG_WARN_DIRECT_OBJC_ISA_USAGE = YES_ERROR;
				CLANG_WARN_DOCUMENTATION_COMMENTS = YES;
				CLANG_WARN_EMPTY_BODY = YES;
				CLANG_WARN_ENUM_CONVERSION = YES;
				CLANG_WARN_INFINITE_RECURSION = YES;
				CLANG_WARN_INT_CONVERSION = YES;
				CLANG_WARN_OBJC_ROOT_CLASS = YES_ERROR;
				CLANG_WARN_SUSPICIOUS_MOVE = YES;
				CLANG_WARN_UNREACHABLE_CODE = YES;
				CLANG_WARN__DUPLICATE_METHOD_MATCH = YES;
				CODE_SIGN_ENTITLEMENTS = ios/ios.entitlements;
				"CODE_SIGN_IDENTITY[sdk=iphoneos*]" = "iPhone Developer";
				COPY_PHASE_STRIP = NO;
				DEBUG_INFORMATION_FORMAT = "dwarf-with-dsym";
				DEVELOPMENT_TEAM = 69BNY6KMTF;
				ENABLE_NS_ASSERTIONS = NO;
				ENABLE_STRICT_OBJC_MSGSEND = YES;
				GCC_C_LANGUAGE_STANDARD = gnu99;
				GCC_INCREASE_PRECOMPILED_HEADER_SHARING = NO;
				GCC_NO_COMMON_BLOCKS = YES;
				GCC_WARN_64_TO_32_BIT_CONVERSION = YES;
				GCC_WARN_ABOUT_RETURN_TYPE = YES_ERROR;
				GCC_WARN_UNDECLARED_SELECTOR = YES;
				GCC_WARN_UNINITIALIZED_AUTOS = YES_AGGRESSIVE;
				GCC_WARN_UNUSED_FUNCTION = YES;
				GCC_WARN_UNUSED_VARIABLE = YES;
				INFOPLIST_FILE = ios/Info.plist;
				IPHONEOS_DEPLOYMENT_TARGET = 9.1;
				LD_RUNPATH_SEARCH_PATHS = "$(inherited) @executable_path/Frameworks";
				MTL_ENABLE_DEBUG_INFO = NO;
				PRODUCT_BUNDLE_IDENTIFIER = com.miraving.ios;
				PRODUCT_NAME = "$(TARGET_NAME)";
				SDKROOT = iphoneos;
				TARGETED_DEVICE_FAMILY = "1,2";
				VALIDATE_PRODUCT = YES;
			};
			name = Release;
		};
		904C79361E11422400231206 /* Debug */ = {
			isa = XCBuildConfiguration;
			buildSettings = {
				ALWAYS_SEARCH_USER_PATHS = NO;
				ARCHS = "$(ARCHS_STANDARD)";
				ASSETCATALOG_COMPILER_APPICON_NAME = "App Icon & Top Shelf Image";
				ASSETCATALOG_COMPILER_LAUNCHIMAGE_NAME = LaunchImage;
				CLANG_ANALYZER_NONNULL = YES;
				CLANG_CXX_LANGUAGE_STANDARD = "gnu++0x";
				CLANG_CXX_LIBRARY = "libc++";
				CLANG_ENABLE_MODULES = YES;
				CLANG_ENABLE_OBJC_ARC = YES;
				CLANG_WARN_BOOL_CONVERSION = YES;
				CLANG_WARN_CONSTANT_CONVERSION = YES;
				CLANG_WARN_DIRECT_OBJC_ISA_USAGE = YES_ERROR;
				CLANG_WARN_DOCUMENTATION_COMMENTS = YES;
				CLANG_WARN_EMPTY_BODY = YES;
				CLANG_WARN_ENUM_CONVERSION = YES;
				CLANG_WARN_INFINITE_RECURSION = YES;
				CLANG_WARN_INT_CONVERSION = YES;
				CLANG_WARN_OBJC_ROOT_CLASS = YES_ERROR;
				CLANG_WARN_SUSPICIOUS_MOVE = YES;
				CLANG_WARN_UNREACHABLE_CODE = YES;
				CLANG_WARN__DUPLICATE_METHOD_MATCH = YES;
				CODE_SIGN_ENTITLEMENTS = tvOS/tvOS.entitlements;
				"CODE_SIGN_IDENTITY[sdk=appletvos*]" = "iPhone Developer";
				COPY_PHASE_STRIP = NO;
				DEBUG_INFORMATION_FORMAT = dwarf;
				DEVELOPMENT_TEAM = 69BNY6KMTF;
				ENABLE_STRICT_OBJC_MSGSEND = YES;
				ENABLE_TESTABILITY = YES;
				GCC_C_LANGUAGE_STANDARD = gnu99;
				GCC_DYNAMIC_NO_PIC = NO;
				GCC_INCREASE_PRECOMPILED_HEADER_SHARING = NO;
				GCC_NO_COMMON_BLOCKS = YES;
				GCC_OPTIMIZATION_LEVEL = 0;
				GCC_PREPROCESSOR_DEFINITIONS = (
					"DEBUG=1",
					"$(inherited)",
				);
				GCC_WARN_64_TO_32_BIT_CONVERSION = YES;
				GCC_WARN_ABOUT_RETURN_TYPE = YES_ERROR;
				GCC_WARN_UNDECLARED_SELECTOR = YES;
				GCC_WARN_UNINITIALIZED_AUTOS = YES_AGGRESSIVE;
				GCC_WARN_UNUSED_FUNCTION = YES;
				GCC_WARN_UNUSED_VARIABLE = YES;
				INFOPLIST_FILE = tvOS/Info.plist;
				LD_RUNPATH_SEARCH_PATHS = "$(inherited) @executable_path/Frameworks";
				MTL_ENABLE_DEBUG_INFO = YES;
				ONLY_ACTIVE_ARCH = YES;
				PRODUCT_BUNDLE_IDENTIFIER = com.miraving.tvOS;
				PRODUCT_NAME = "$(TARGET_NAME)";
				SDKROOT = appletvos;
				TARGETED_DEVICE_FAMILY = 3;
				TVOS_DEPLOYMENT_TARGET = 9.1;
			};
			name = Debug;
		};
		904C79371E11422400231206 /* Release */ = {
			isa = XCBuildConfiguration;
			buildSettings = {
				ALWAYS_SEARCH_USER_PATHS = NO;
				ARCHS = "$(ARCHS_STANDARD)";
				ASSETCATALOG_COMPILER_APPICON_NAME = "App Icon & Top Shelf Image";
				ASSETCATALOG_COMPILER_LAUNCHIMAGE_NAME = LaunchImage;
				CLANG_ANALYZER_NONNULL = YES;
				CLANG_CXX_LANGUAGE_STANDARD = "gnu++0x";
				CLANG_CXX_LIBRARY = "libc++";
				CLANG_ENABLE_MODULES = YES;
				CLANG_ENABLE_OBJC_ARC = YES;
				CLANG_WARN_BOOL_CONVERSION = YES;
				CLANG_WARN_CONSTANT_CONVERSION = YES;
				CLANG_WARN_DIRECT_OBJC_ISA_USAGE = YES_ERROR;
				CLANG_WARN_DOCUMENTATION_COMMENTS = YES;
				CLANG_WARN_EMPTY_BODY = YES;
				CLANG_WARN_ENUM_CONVERSION = YES;
				CLANG_WARN_INFINITE_RECURSION = YES;
				CLANG_WARN_INT_CONVERSION = YES;
				CLANG_WARN_OBJC_ROOT_CLASS = YES_ERROR;
				CLANG_WARN_SUSPICIOUS_MOVE = YES;
				CLANG_WARN_UNREACHABLE_CODE = YES;
				CLANG_WARN__DUPLICATE_METHOD_MATCH = YES;
				CODE_SIGN_ENTITLEMENTS = tvOS/tvOS.entitlements;
				"CODE_SIGN_IDENTITY[sdk=appletvos*]" = "iPhone Developer";
				COPY_PHASE_STRIP = NO;
				DEBUG_INFORMATION_FORMAT = "dwarf-with-dsym";
				DEVELOPMENT_TEAM = 69BNY6KMTF;
				ENABLE_NS_ASSERTIONS = NO;
				ENABLE_STRICT_OBJC_MSGSEND = YES;
				GCC_C_LANGUAGE_STANDARD = gnu99;
				GCC_INCREASE_PRECOMPILED_HEADER_SHARING = NO;
				GCC_NO_COMMON_BLOCKS = YES;
				GCC_WARN_64_TO_32_BIT_CONVERSION = YES;
				GCC_WARN_ABOUT_RETURN_TYPE = YES_ERROR;
				GCC_WARN_UNDECLARED_SELECTOR = YES;
				GCC_WARN_UNINITIALIZED_AUTOS = YES_AGGRESSIVE;
				GCC_WARN_UNUSED_FUNCTION = YES;
				GCC_WARN_UNUSED_VARIABLE = YES;
				INFOPLIST_FILE = tvOS/Info.plist;
				LD_RUNPATH_SEARCH_PATHS = "$(inherited) @executable_path/Frameworks";
				MTL_ENABLE_DEBUG_INFO = NO;
				PRODUCT_BUNDLE_IDENTIFIER = com.miraving.tvOS;
				PRODUCT_NAME = "$(TARGET_NAME)";
				SDKROOT = appletvos;
				TARGETED_DEVICE_FAMILY = 3;
				TVOS_DEPLOYMENT_TARGET = 9.1;
				VALIDATE_PRODUCT = YES;
			};
			name = Release;
		};
/* End XCBuildConfiguration section */

/* Begin XCConfigurationList section */
		904C78FF1E11419100231206 /* Build configuration list for PBXProject "VOSyncServer" */ = {
			isa = XCConfigurationList;
			buildConfigurations = (
				904C79001E11419100231206 /* Debug */,
				904C79011E11419100231206 /* Release */,
			);
			defaultConfigurationIsVisible = 0;
			defaultConfigurationName = Release;
		};
		904C791D1E1141FA00231206 /* Build configuration list for PBXNativeTarget "ios" */ = {
			isa = XCConfigurationList;
			buildConfigurations = (
				904C791E1E1141FA00231206 /* Debug */,
				904C791F1E1141FA00231206 /* Release */,
			);
			defaultConfigurationIsVisible = 0;
			defaultConfigurationName = Release;
		};
		904C79351E11422400231206 /* Build configuration list for PBXNativeTarget "tvOS" */ = {
			isa = XCConfigurationList;
			buildConfigurations = (
				904C79361E11422400231206 /* Debug */,
				904C79371E11422400231206 /* Release */,
			);
			defaultConfigurationIsVisible = 0;
			defaultConfigurationName = Release;
		};
/* End XCConfigurationList section */
	};
	rootObject = 904C78FC1E11419100231206 /* Project object */;
}
